// !$*UTF8*$!
{
	archiveVersion = 1;
	classes = {
	};
	objectVersion = 50;
	objects = {

/* Begin PBXBuildFile section */
		20E910F95671713512F9C61F /* Pods_Weather.framework in Frameworks */ = {isa = PBXBuildFile; fileRef = CD0EB0DE412E359CE79CBB9D /* Pods_Weather.framework */; };
		D51A13D62303814E00B59DEA /* WeatherCollectionViewCell.swift in Sources */ = {isa = PBXBuildFile; fileRef = D51A13D52303814E00B59DEA /* WeatherCollectionViewCell.swift */; };
		D51A13DF23046BEA00B59DEA /* CurrentWeatherModel.swift in Sources */ = {isa = PBXBuildFile; fileRef = D51A13DE23046BEA00B59DEA /* CurrentWeatherModel.swift */; };
		D51A13E12304764E00B59DEA /* WeaterViewModel.swift in Sources */ = {isa = PBXBuildFile; fileRef = D51A13E02304764E00B59DEA /* WeaterViewModel.swift */; };
		D51A13E72304A18A00B59DEA /* Service.swift in Sources */ = {isa = PBXBuildFile; fileRef = D51A13E62304A18A00B59DEA /* Service.swift */; };
		D51A13E92304F1AC00B59DEA /* ForecastViewModel.swift in Sources */ = {isa = PBXBuildFile; fileRef = D51A13E82304F1AC00B59DEA /* ForecastViewModel.swift */; };
		D51A13EB2304F2F700B59DEA /* ForecastModel.swift in Sources */ = {isa = PBXBuildFile; fileRef = D51A13EA2304F2F700B59DEA /* ForecastModel.swift */; };
		D51A13ED230515DC00B59DEA /* WeatherTableViewCell.swift in Sources */ = {isa = PBXBuildFile; fileRef = D51A13EC230515DC00B59DEA /* WeatherTableViewCell.swift */; };
		D51A13F123057DDA00B59DEA /* locationViewModel.swift in Sources */ = {isa = PBXBuildFile; fileRef = D51A13F023057DDA00B59DEA /* locationViewModel.swift */; };
		D51A13F32305A04800B59DEA /* DailyForecastViewModel.swift in Sources */ = {isa = PBXBuildFile; fileRef = D51A13F22305A04700B59DEA /* DailyForecastViewModel.swift */; };
		D51A1402230735C900B59DEA /* Location.swift in Sources */ = {isa = PBXBuildFile; fileRef = D51A1401230735C900B59DEA /* Location.swift */; };
		D51A1405230792F400B59DEA /* Utiltiy.swift in Sources */ = {isa = PBXBuildFile; fileRef = D51A1404230792F400B59DEA /* Utiltiy.swift */; };
		D51A140823084A6300B59DEA /* img in Resources */ = {isa = PBXBuildFile; fileRef = D51A140623084A6300B59DEA /* img */; };
		D51A140923084A6300B59DEA /* README.md in Resources */ = {isa = PBXBuildFile; fileRef = D51A140723084A6300B59DEA /* README.md */; };
		D5FF160D23037BD100C60E15 /* AppDelegate.swift in Sources */ = {isa = PBXBuildFile; fileRef = D5FF160C23037BD100C60E15 /* AppDelegate.swift */; };
		D5FF160F23037BD100C60E15 /* ViewController.swift in Sources */ = {isa = PBXBuildFile; fileRef = D5FF160E23037BD100C60E15 /* ViewController.swift */; };
		D5FF161223037BD100C60E15 /* Main.storyboard in Resources */ = {isa = PBXBuildFile; fileRef = D5FF161023037BD100C60E15 /* Main.storyboard */; };
		D5FF161423037BD300C60E15 /* Assets.xcassets in Resources */ = {isa = PBXBuildFile; fileRef = D5FF161323037BD300C60E15 /* Assets.xcassets */; };
		D5FF161723037BD300C60E15 /* LaunchScreen.storyboard in Resources */ = {isa = PBXBuildFile; fileRef = D5FF161523037BD300C60E15 /* LaunchScreen.storyboard */; };
		D5FF162223037BD300C60E15 /* WeatherTests.swift in Sources */ = {isa = PBXBuildFile; fileRef = D5FF162123037BD300C60E15 /* WeatherTests.swift */; };
/* End PBXBuildFile section */

/* Begin PBXContainerItemProxy section */
		D5FF161E23037BD300C60E15 /* PBXContainerItemProxy */ = {
			isa = PBXContainerItemProxy;
			containerPortal = D5FF160123037BD100C60E15 /* Project object */;
			proxyType = 1;
			remoteGlobalIDString = D5FF160823037BD100C60E15;
			remoteInfo = Weather;
		};
/* End PBXContainerItemProxy section */

/* Begin PBXFileReference section */
		2E4F8600B386F7B1264F774B /* Pods-Weather.release.xcconfig */ = {isa = PBXFileReference; includeInIndex = 1; lastKnownFileType = text.xcconfig; name = "Pods-Weather.release.xcconfig"; path = "Target Support Files/Pods-Weather/Pods-Weather.release.xcconfig"; sourceTree = "<group>"; };
		6EA615E1CEEE2EDE655C746D /* Pods-Weather.debug.xcconfig */ = {isa = PBXFileReference; includeInIndex = 1; lastKnownFileType = text.xcconfig; name = "Pods-Weather.debug.xcconfig"; path = "Target Support Files/Pods-Weather/Pods-Weather.debug.xcconfig"; sourceTree = "<group>"; };
		CD0EB0DE412E359CE79CBB9D /* Pods_Weather.framework */ = {isa = PBXFileReference; explicitFileType = wrapper.framework; includeInIndex = 0; path = Pods_Weather.framework; sourceTree = BUILT_PRODUCTS_DIR; };
		D51A13D52303814E00B59DEA /* WeatherCollectionViewCell.swift */ = {isa = PBXFileReference; lastKnownFileType = sourcecode.swift; path = WeatherCollectionViewCell.swift; sourceTree = "<group>"; };
		D51A13DE23046BEA00B59DEA /* CurrentWeatherModel.swift */ = {isa = PBXFileReference; lastKnownFileType = sourcecode.swift; path = CurrentWeatherModel.swift; sourceTree = "<group>"; };
		D51A13E02304764E00B59DEA /* WeaterViewModel.swift */ = {isa = PBXFileReference; lastKnownFileType = sourcecode.swift; path = WeaterViewModel.swift; sourceTree = "<group>"; };
		D51A13E62304A18A00B59DEA /* Service.swift */ = {isa = PBXFileReference; lastKnownFileType = sourcecode.swift; path = Service.swift; sourceTree = "<group>"; };
		D51A13E82304F1AC00B59DEA /* ForecastViewModel.swift */ = {isa = PBXFileReference; lastKnownFileType = sourcecode.swift; path = ForecastViewModel.swift; sourceTree = "<group>"; };
		D51A13EA2304F2F700B59DEA /* ForecastModel.swift */ = {isa = PBXFileReference; lastKnownFileType = sourcecode.swift; path = ForecastModel.swift; sourceTree = "<group>"; };
		D51A13EC230515DC00B59DEA /* WeatherTableViewCell.swift */ = {isa = PBXFileReference; lastKnownFileType = sourcecode.swift; path = WeatherTableViewCell.swift; sourceTree = "<group>"; };
		D51A13F023057DDA00B59DEA /* locationViewModel.swift */ = {isa = PBXFileReference; lastKnownFileType = sourcecode.swift; path = locationViewModel.swift; sourceTree = "<group>"; };
		D51A13F22305A04700B59DEA /* DailyForecastViewModel.swift */ = {isa = PBXFileReference; lastKnownFileType = sourcecode.swift; path = DailyForecastViewModel.swift; sourceTree = "<group>"; };
		D51A1401230735C900B59DEA /* Location.swift */ = {isa = PBXFileReference; lastKnownFileType = sourcecode.swift; path = Location.swift; sourceTree = "<group>"; };
		D51A1404230792F400B59DEA /* Utiltiy.swift */ = {isa = PBXFileReference; lastKnownFileType = sourcecode.swift; path = Utiltiy.swift; sourceTree = "<group>"; };
		D51A140623084A6300B59DEA /* img */ = {isa = PBXFileReference; lastKnownFileType = folder; path = img; sourceTree = SOURCE_ROOT; };
		D51A140723084A6300B59DEA /* README.md */ = {isa = PBXFileReference; fileEncoding = 4; lastKnownFileType = net.daringfireball.markdown; path = README.md; sourceTree = SOURCE_ROOT; };
		D5FF160923037BD100C60E15 /* Weather.app */ = {isa = PBXFileReference; explicitFileType = wrapper.application; includeInIndex = 0; path = Weather.app; sourceTree = BUILT_PRODUCTS_DIR; };
		D5FF160C23037BD100C60E15 /* AppDelegate.swift */ = {isa = PBXFileReference; lastKnownFileType = sourcecode.swift; path = AppDelegate.swift; sourceTree = "<group>"; };
		D5FF160E23037BD100C60E15 /* ViewController.swift */ = {isa = PBXFileReference; lastKnownFileType = sourcecode.swift; path = ViewController.swift; sourceTree = "<group>"; };
		D5FF161123037BD100C60E15 /* Base */ = {isa = PBXFileReference; lastKnownFileType = file.storyboard; name = Base; path = Base.lproj/Main.storyboard; sourceTree = "<group>"; };
		D5FF161323037BD300C60E15 /* Assets.xcassets */ = {isa = PBXFileReference; lastKnownFileType = folder.assetcatalog; path = Assets.xcassets; sourceTree = "<group>"; };
		D5FF161623037BD300C60E15 /* Base */ = {isa = PBXFileReference; lastKnownFileType = file.storyboard; name = Base; path = Base.lproj/LaunchScreen.storyboard; sourceTree = "<group>"; };
		D5FF161823037BD300C60E15 /* Info.plist */ = {isa = PBXFileReference; lastKnownFileType = text.plist.xml; path = Info.plist; sourceTree = "<group>"; };
		D5FF161D23037BD300C60E15 /* WeatherTests.xctest */ = {isa = PBXFileReference; explicitFileType = wrapper.cfbundle; includeInIndex = 0; path = WeatherTests.xctest; sourceTree = BUILT_PRODUCTS_DIR; };
		D5FF162123037BD300C60E15 /* WeatherTests.swift */ = {isa = PBXFileReference; lastKnownFileType = sourcecode.swift; path = WeatherTests.swift; sourceTree = "<group>"; };
		D5FF162323037BD300C60E15 /* Info.plist */ = {isa = PBXFileReference; lastKnownFileType = text.plist.xml; path = Info.plist; sourceTree = "<group>"; };
/* End PBXFileReference section */

/* Begin PBXFrameworksBuildPhase section */
		D5FF160623037BD100C60E15 /* Frameworks */ = {
			isa = PBXFrameworksBuildPhase;
			buildActionMask = 2147483647;
			files = (
				20E910F95671713512F9C61F /* Pods_Weather.framework in Frameworks */,
			);
			runOnlyForDeploymentPostprocessing = 0;
		};
		D5FF161A23037BD300C60E15 /* Frameworks */ = {
			isa = PBXFrameworksBuildPhase;
			buildActionMask = 2147483647;
			files = (
			);
			runOnlyForDeploymentPostprocessing = 0;
		};
/* End PBXFrameworksBuildPhase section */

/* Begin PBXGroup section */
		5D80B177D18C215C708B9DF0 /* Frameworks */ = {
			isa = PBXGroup;
			children = (
				CD0EB0DE412E359CE79CBB9D /* Pods_Weather.framework */,
			);
			name = Frameworks;
			sourceTree = "<group>";
		};
		D18EBAAFEF98D804E82BDD1F /* Pods */ = {
			isa = PBXGroup;
			children = (
				6EA615E1CEEE2EDE655C746D /* Pods-Weather.debug.xcconfig */,
				2E4F8600B386F7B1264F774B /* Pods-Weather.release.xcconfig */,
			);
			path = Pods;
			sourceTree = "<group>";
		};
		D51A13DB2304552300B59DEA /* View */ = {
			isa = PBXGroup;
			children = (
				D5FF160E23037BD100C60E15 /* ViewController.swift */,
				D51A13D52303814E00B59DEA /* WeatherCollectionViewCell.swift */,
				D51A13EC230515DC00B59DEA /* WeatherTableViewCell.swift */,
			);
			path = View;
			sourceTree = "<group>";
		};
		D51A13DC2304558600B59DEA /* View Model */ = {
			isa = PBXGroup;
			children = (
				D51A13E02304764E00B59DEA /* WeaterViewModel.swift */,
				D51A13E82304F1AC00B59DEA /* ForecastViewModel.swift */,
				D51A13F023057DDA00B59DEA /* locationViewModel.swift */,
				D51A13F22305A04700B59DEA /* DailyForecastViewModel.swift */,
			);
			path = "View Model";
			sourceTree = "<group>";
		};
		D51A13DD2304559700B59DEA /* Model */ = {
			isa = PBXGroup;
			children = (
				D51A13DE23046BEA00B59DEA /* CurrentWeatherModel.swift */,
				D51A13EA2304F2F700B59DEA /* ForecastModel.swift */,
				D51A1401230735C900B59DEA /* Location.swift */,
			);
			path = Model;
			sourceTree = "<group>";
		};
		D51A13E52304A16500B59DEA /* Service */ = {
			isa = PBXGroup;
			children = (
				D51A13E62304A18A00B59DEA /* Service.swift */,
			);
			path = Service;
			sourceTree = "<group>";
		};
		D51A1403230792C000B59DEA /* Utility */ = {
			isa = PBXGroup;
			children = (
				D51A1404230792F400B59DEA /* Utiltiy.swift */,
			);
			path = Utility;
			sourceTree = "<group>";
		};
		D5FF160023037BD100C60E15 = {
			isa = PBXGroup;
			children = (
				D5FF160B23037BD100C60E15 /* Weather */,
				D5FF162023037BD300C60E15 /* WeatherTests */,
				D5FF160A23037BD100C60E15 /* Products */,
				D18EBAAFEF98D804E82BDD1F /* Pods */,
				5D80B177D18C215C708B9DF0 /* Frameworks */,
			);
			sourceTree = "<group>";
		};
		D5FF160A23037BD100C60E15 /* Products */ = {
			isa = PBXGroup;
			children = (
				D5FF160923037BD100C60E15 /* Weather.app */,
				D5FF161D23037BD300C60E15 /* WeatherTests.xctest */,
			);
			name = Products;
			sourceTree = "<group>";
		};
		D5FF160B23037BD100C60E15 /* Weather */ = {
			isa = PBXGroup;
			children = (
				D51A140623084A6300B59DEA /* img */,
				D51A140723084A6300B59DEA /* README.md */,
				D51A1403230792C000B59DEA /* Utility */,
				D51A13E52304A16500B59DEA /* Service */,
				D51A13DD2304559700B59DEA /* Model */,
				D51A13DC2304558600B59DEA /* View Model */,
				D51A13DB2304552300B59DEA /* View */,
				D5FF160C23037BD100C60E15 /* AppDelegate.swift */,
				D5FF161023037BD100C60E15 /* Main.storyboard */,
				D5FF161323037BD300C60E15 /* Assets.xcassets */,
				D5FF161523037BD300C60E15 /* LaunchScreen.storyboard */,
				D5FF161823037BD300C60E15 /* Info.plist */,
			);
			path = Weather;
			sourceTree = "<group>";
		};
		D5FF162023037BD300C60E15 /* WeatherTests */ = {
			isa = PBXGroup;
			children = (
				D5FF162123037BD300C60E15 /* WeatherTests.swift */,
				D5FF162323037BD300C60E15 /* Info.plist */,
			);
			path = WeatherTests;
			sourceTree = "<group>";
		};
/* End PBXGroup section */

/* Begin PBXNativeTarget section */
		D5FF160823037BD100C60E15 /* Weather */ = {
			isa = PBXNativeTarget;
			buildConfigurationList = D5FF162623037BD300C60E15 /* Build configuration list for PBXNativeTarget "Weather" */;
			buildPhases = (
				30271BE4F7E466FF80C61D77 /* [CP] Check Pods Manifest.lock */,
				D5FF160523037BD100C60E15 /* Sources */,
				D5FF160623037BD100C60E15 /* Frameworks */,
				D5FF160723037BD100C60E15 /* Resources */,
				4EAF1F4FFCE32E4DA2774BC8 /* [CP] Embed Pods Frameworks */,
			);
			buildRules = (
			);
			dependencies = (
			);
			name = Weather;
			productName = Weather;
			productReference = D5FF160923037BD100C60E15 /* Weather.app */;
			productType = "com.apple.product-type.application";
		};
		D5FF161C23037BD300C60E15 /* WeatherTests */ = {
			isa = PBXNativeTarget;
			buildConfigurationList = D5FF162923037BD300C60E15 /* Build configuration list for PBXNativeTarget "WeatherTests" */;
			buildPhases = (
				D5FF161923037BD300C60E15 /* Sources */,
				D5FF161A23037BD300C60E15 /* Frameworks */,
				D5FF161B23037BD300C60E15 /* Resources */,
			);
			buildRules = (
			);
			dependencies = (
				D5FF161F23037BD300C60E15 /* PBXTargetDependency */,
			);
			name = WeatherTests;
			productName = WeatherTests;
			productReference = D5FF161D23037BD300C60E15 /* WeatherTests.xctest */;
			productType = "com.apple.product-type.bundle.unit-test";
		};
/* End PBXNativeTarget section */

/* Begin PBXProject section */
		D5FF160123037BD100C60E15 /* Project object */ = {
			isa = PBXProject;
			attributes = {
				LastSwiftUpdateCheck = 1030;
				LastUpgradeCheck = 1030;
				ORGANIZATIONNAME = "Apoorva Reed(Personal)";
				TargetAttributes = {
					D5FF160823037BD100C60E15 = {
						CreatedOnToolsVersion = 10.3;
					};
					D5FF161C23037BD300C60E15 = {
						CreatedOnToolsVersion = 10.3;
						TestTargetID = D5FF160823037BD100C60E15;
					};
				};
			};
			buildConfigurationList = D5FF160423037BD100C60E15 /* Build configuration list for PBXProject "Weather" */;
			compatibilityVersion = "Xcode 9.3";
			developmentRegion = en;
			hasScannedForEncodings = 0;
			knownRegions = (
				en,
				Base,
			);
			mainGroup = D5FF160023037BD100C60E15;
			productRefGroup = D5FF160A23037BD100C60E15 /* Products */;
			projectDirPath = "";
			projectRoot = "";
			targets = (
				D5FF160823037BD100C60E15 /* Weather */,
				D5FF161C23037BD300C60E15 /* WeatherTests */,
			);
		};
/* End PBXProject section */

/* Begin PBXResourcesBuildPhase section */
		D5FF160723037BD100C60E15 /* Resources */ = {
			isa = PBXResourcesBuildPhase;
			buildActionMask = 2147483647;
			files = (
				D51A140823084A6300B59DEA /* img in Resources */,
				D5FF161723037BD300C60E15 /* LaunchScreen.storyboard in Resources */,
				D51A140923084A6300B59DEA /* README.md in Resources */,
				D5FF161423037BD300C60E15 /* Assets.xcassets in Resources */,
				D5FF161223037BD100C60E15 /* Main.storyboard in Resources */,
			);
			runOnlyForDeploymentPostprocessing = 0;
		};
		D5FF161B23037BD300C60E15 /* Resources */ = {
			isa = PBXResourcesBuildPhase;
			buildActionMask = 2147483647;
			files = (
			);
			runOnlyForDeploymentPostprocessing = 0;
		};
/* End PBXResourcesBuildPhase section */

/* Begin PBXShellScriptBuildPhase section */
		30271BE4F7E466FF80C61D77 /* [CP] Check Pods Manifest.lock */ = {
			isa = PBXShellScriptBuildPhase;
			buildActionMask = 2147483647;
			files = (
			);
			inputFileListPaths = (
			);
			inputPaths = (
				"${PODS_PODFILE_DIR_PATH}/Podfile.lock",
				"${PODS_ROOT}/Manifest.lock",
			);
			name = "[CP] Check Pods Manifest.lock";
			outputFileListPaths = (
			);
			outputPaths = (
				"$(DERIVED_FILE_DIR)/Pods-Weather-checkManifestLockResult.txt",
			);
			runOnlyForDeploymentPostprocessing = 0;
			shellPath = /bin/sh;
			shellScript = "diff \"${PODS_PODFILE_DIR_PATH}/Podfile.lock\" \"${PODS_ROOT}/Manifest.lock\" > /dev/null\nif [ $? != 0 ] ; then\n    # print error to STDERR\n    echo \"error: The sandbox is not in sync with the Podfile.lock. Run 'pod install' or update your CocoaPods installation.\" >&2\n    exit 1\nfi\n# This output is used by Xcode 'outputs' to avoid re-running this script phase.\necho \"SUCCESS\" > \"${SCRIPT_OUTPUT_FILE_0}\"\n";
			showEnvVarsInLog = 0;
		};
		4EAF1F4FFCE32E4DA2774BC8 /* [CP] Embed Pods Frameworks */ = {
			isa = PBXShellScriptBuildPhase;
			buildActionMask = 2147483647;
			files = (
			);
			inputFileListPaths = (
			);
			inputPaths = (
				"${PODS_ROOT}/Target Support Files/Pods-Weather/Pods-Weather-frameworks.sh",
				"${BUILT_PRODUCTS_DIR}/Alamofire/Alamofire.framework",
			);
			name = "[CP] Embed Pods Frameworks";
			outputFileListPaths = (
			);
			outputPaths = (
				"${TARGET_BUILD_DIR}/${FRAMEWORKS_FOLDER_PATH}/Alamofire.framework",
			);
			runOnlyForDeploymentPostprocessing = 0;
			shellPath = /bin/sh;
			shellScript = "\"${PODS_ROOT}/Target Support Files/Pods-Weather/Pods-Weather-frameworks.sh\"\n";
			showEnvVarsInLog = 0;
		};
/* End PBXShellScriptBuildPhase section */

/* Begin PBXSourcesBuildPhase section */
		D5FF160523037BD100C60E15 /* Sources */ = {
			isa = PBXSourcesBuildPhase;
			buildActionMask = 2147483647;
			files = (
				D51A13E12304764E00B59DEA /* WeaterViewModel.swift in Sources */,
				D51A13E72304A18A00B59DEA /* Service.swift in Sources */,
				D51A13ED230515DC00B59DEA /* WeatherTableViewCell.swift in Sources */,
				D51A13D62303814E00B59DEA /* WeatherCollectionViewCell.swift in Sources */,
				D51A13F32305A04800B59DEA /* DailyForecastViewModel.swift in Sources */,
				D51A13DF23046BEA00B59DEA /* CurrentWeatherModel.swift in Sources */,
				D51A1405230792F400B59DEA /* Utiltiy.swift in Sources */,
				D5FF160F23037BD100C60E15 /* ViewController.swift in Sources */,
				D5FF160D23037BD100C60E15 /* AppDelegate.swift in Sources */,
				D51A1402230735C900B59DEA /* Location.swift in Sources */,
				D51A13EB2304F2F700B59DEA /* ForecastModel.swift in Sources */,
				D51A13F123057DDA00B59DEA /* locationViewModel.swift in Sources */,
				D51A13E92304F1AC00B59DEA /* ForecastViewModel.swift in Sources */,
			);
			runOnlyForDeploymentPostprocessing = 0;
		};
		D5FF161923037BD300C60E15 /* Sources */ = {
			isa = PBXSourcesBuildPhase;
			buildActionMask = 2147483647;
			files = (
				D5FF162223037BD300C60E15 /* WeatherTests.swift in Sources */,
			);
			runOnlyForDeploymentPostprocessing = 0;
		};
/* End PBXSourcesBuildPhase section */

/* Begin PBXTargetDependency section */
		D5FF161F23037BD300C60E15 /* PBXTargetDependency */ = {
			isa = PBXTargetDependency;
			target = D5FF160823037BD100C60E15 /* Weather */;
			targetProxy = D5FF161E23037BD300C60E15 /* PBXContainerItemProxy */;
		};
/* End PBXTargetDependency section */

/* Begin PBXVariantGroup section */
		D5FF161023037BD100C60E15 /* Main.storyboard */ = {
			isa = PBXVariantGroup;
			children = (
				D5FF161123037BD100C60E15 /* Base */,
			);
			name = Main.storyboard;
			sourceTree = "<group>";
		};
		D5FF161523037BD300C60E15 /* LaunchScreen.storyboard */ = {
			isa = PBXVariantGroup;
			children = (
				D5FF161623037BD300C60E15 /* Base */,
			);
			name = LaunchScreen.storyboard;
			sourceTree = "<group>";
		};
/* End PBXVariantGroup section */

/* Begin XCBuildConfiguration section */
		D5FF162423037BD300C60E15 /* Debug */ = {
			isa = XCBuildConfiguration;
			buildSettings = {
				ALWAYS_SEARCH_USER_PATHS = NO;
				CLANG_ANALYZER_NONNULL = YES;
				CLANG_ANALYZER_NUMBER_OBJECT_CONVERSION = YES_AGGRESSIVE;
				CLANG_CXX_LANGUAGE_STANDARD = "gnu++14";
				CLANG_CXX_LIBRARY = "libc++";
				CLANG_ENABLE_MODULES = YES;
				CLANG_ENABLE_OBJC_ARC = YES;
				CLANG_ENABLE_OBJC_WEAK = YES;
				CLANG_WARN_BLOCK_CAPTURE_AUTORELEASING = YES;
				CLANG_WARN_BOOL_CONVERSION = YES;
				CLANG_WARN_COMMA = YES;
				CLANG_WARN_CONSTANT_CONVERSION = YES;
				CLANG_WARN_DEPRECATED_OBJC_IMPLEMENTATIONS = YES;
				CLANG_WARN_DIRECT_OBJC_ISA_USAGE = YES_ERROR;
				CLANG_WARN_DOCUMENTATION_COMMENTS = YES;
				CLANG_WARN_EMPTY_BODY = YES;
				CLANG_WARN_ENUM_CONVERSION = YES;
				CLANG_WARN_INFINITE_RECURSION = YES;
				CLANG_WARN_INT_CONVERSION = YES;
				CLANG_WARN_NON_LITERAL_NULL_CONVERSION = YES;
				CLANG_WARN_OBJC_IMPLICIT_RETAIN_SELF = YES;
				CLANG_WARN_OBJC_LITERAL_CONVERSION = YES;
				CLANG_WARN_OBJC_ROOT_CLASS = YES_ERROR;
				CLANG_WARN_RANGE_LOOP_ANALYSIS = YES;
				CLANG_WARN_STRICT_PROTOTYPES = YES;
				CLANG_WARN_SUSPICIOUS_MOVE = YES;
				CLANG_WARN_UNGUARDED_AVAILABILITY = YES_AGGRESSIVE;
				CLANG_WARN_UNREACHABLE_CODE = YES;
				CLANG_WARN__DUPLICATE_METHOD_MATCH = YES;
				CODE_SIGN_IDENTITY = "iPhone Developer";
				COPY_PHASE_STRIP = NO;
				DEBUG_INFORMATION_FORMAT = dwarf;
				ENABLE_STRICT_OBJC_MSGSEND = YES;
				ENABLE_TESTABILITY = YES;
				GCC_C_LANGUAGE_STANDARD = gnu11;
				GCC_DYNAMIC_NO_PIC = NO;
				GCC_NO_COMMON_BLOCKS = YES;
				GCC_OPTIMIZATION_LEVEL = 0;
				GCC_PREPROCESSOR_DEFINITIONS = (
					"DEBUG=1",
					"$(inherited)",
				);
				GCC_WARN_64_TO_32_BIT_CONVERSION = YES;
				GCC_WARN_ABOUT_RETURN_TYPE = YES_ERROR;
				GCC_WARN_UNDECLARED_SELECTOR = YES;
				GCC_WARN_UNINITIALIZED_AUTOS = YES_AGGRESSIVE;
				GCC_WARN_UNUSED_FUNCTION = YES;
				GCC_WARN_UNUSED_VARIABLE = YES;
				IPHONEOS_DEPLOYMENT_TARGET = 12.4;
				MTL_ENABLE_DEBUG_INFO = INCLUDE_SOURCE;
				MTL_FAST_MATH = YES;
				ONLY_ACTIVE_ARCH = YES;
				SDKROOT = iphoneos;
				SWIFT_ACTIVE_COMPILATION_CONDITIONS = DEBUG;
				SWIFT_OPTIMIZATION_LEVEL = "-Onone";
			};
			name = Debug;
		};
		D5FF162523037BD300C60E15 /* Release */ = {
			isa = XCBuildConfiguration;
			buildSettings = {
				ALWAYS_SEARCH_USER_PATHS = NO;
				CLANG_ANALYZER_NONNULL = YES;
				CLANG_ANALYZER_NUMBER_OBJECT_CONVERSION = YES_AGGRESSIVE;
				CLANG_CXX_LANGUAGE_STANDARD = "gnu++14";
				CLANG_CXX_LIBRARY = "libc++";
				CLANG_ENABLE_MODULES = YES;
				CLANG_ENABLE_OBJC_ARC = YES;
				CLANG_ENABLE_OBJC_WEAK = YES;
				CLANG_WARN_BLOCK_CAPTURE_AUTORELEASING = YES;
				CLANG_WARN_BOOL_CONVERSION = YES;
				CLANG_WARN_COMMA = YES;
				CLANG_WARN_CONSTANT_CONVERSION = YES;
				CLANG_WARN_DEPRECATED_OBJC_IMPLEMENTATIONS = YES;
				CLANG_WARN_DIRECT_OBJC_ISA_USAGE = YES_ERROR;
				CLANG_WARN_DOCUMENTATION_COMMENTS = YES;
				CLANG_WARN_EMPTY_BODY = YES;
				CLANG_WARN_ENUM_CONVERSION = YES;
				CLANG_WARN_INFINITE_RECURSION = YES;
				CLANG_WARN_INT_CONVERSION = YES;
				CLANG_WARN_NON_LITERAL_NULL_CONVERSION = YES;
				CLANG_WARN_OBJC_IMPLICIT_RETAIN_SELF = YES;
				CLANG_WARN_OBJC_LITERAL_CONVERSION = YES;
				CLANG_WARN_OBJC_ROOT_CLASS = YES_ERROR;
				CLANG_WARN_RANGE_LOOP_ANALYSIS = YES;
				CLANG_WARN_STRICT_PROTOTYPES = YES;
				CLANG_WARN_SUSPICIOUS_MOVE = YES;
				CLANG_WARN_UNGUARDED_AVAILABILITY = YES_AGGRESSIVE;
				CLANG_WARN_UNREACHABLE_CODE = YES;
				CLANG_WARN__DUPLICATE_METHOD_MATCH = YES;
				CODE_SIGN_IDENTITY = "iPhone Developer";
				COPY_PHASE_STRIP = NO;
				DEBUG_INFORMATION_FORMAT = "dwarf-with-dsym";
				ENABLE_NS_ASSERTIONS = NO;
				ENABLE_STRICT_OBJC_MSGSEND = YES;
				GCC_C_LANGUAGE_STANDARD = gnu11;
				GCC_NO_COMMON_BLOCKS = YES;
				GCC_WARN_64_TO_32_BIT_CONVERSION = YES;
				GCC_WARN_ABOUT_RETURN_TYPE = YES_ERROR;
				GCC_WARN_UNDECLARED_SELECTOR = YES;
				GCC_WARN_UNINITIALIZED_AUTOS = YES_AGGRESSIVE;
				GCC_WARN_UNUSED_FUNCTION = YES;
				GCC_WARN_UNUSED_VARIABLE = YES;
				IPHONEOS_DEPLOYMENT_TARGET = 12.4;
				MTL_ENABLE_DEBUG_INFO = NO;
				MTL_FAST_MATH = YES;
				SDKROOT = iphoneos;
				SWIFT_COMPILATION_MODE = wholemodule;
				SWIFT_OPTIMIZATION_LEVEL = "-O";
				VALIDATE_PRODUCT = YES;
			};
			name = Release;
		};
		D5FF162723037BD300C60E15 /* Debug */ = {
			isa = XCBuildConfiguration;
			baseConfigurationReference = 6EA615E1CEEE2EDE655C746D /* Pods-Weather.debug.xcconfig */;
			buildSettings = {
				ASSETCATALOG_COMPILER_APPICON_NAME = AppIcon;
				CODE_SIGN_STYLE = Automatic;
				DEVELOPMENT_TEAM = Z9S846X8QV;
				INFOPLIST_FILE = Weather/Info.plist;
				LD_RUNPATH_SEARCH_PATHS = (
					"$(inherited)",
					"@executable_path/Frameworks",
				);
				PRODUCT_BUNDLE_IDENTIFIER = com.apoorvareed.Weather;
				PRODUCT_NAME = "$(TARGET_NAME)";
				SWIFT_VERSION = 5.0;
				TARGETED_DEVICE_FAMILY = "1,2";
			};
			name = Debug;
		};
		D5FF162823037BD300C60E15 /* Release */ = {
			isa = XCBuildConfiguration;
			baseConfigurationReference = 2E4F8600B386F7B1264F774B /* Pods-Weather.release.xcconfig */;
			buildSettings = {
				ASSETCATALOG_COMPILER_APPICON_NAME = AppIcon;
				CODE_SIGN_STYLE = Automatic;
				DEVELOPMENT_TEAM = Z9S846X8QV;
				INFOPLIST_FILE = Weather/Info.plist;
				LD_RUNPATH_SEARCH_PATHS = (
					"$(inherited)",
					"@executable_path/Frameworks",
				);
				PRODUCT_BUNDLE_IDENTIFIER = com.apoorvareed.Weather;
				PRODUCT_NAME = "$(TARGET_NAME)";
				SWIFT_VERSION = 5.0;
				TARGETED_DEVICE_FAMILY = "1,2";
			};
			name = Release;
		};
		D5FF162A23037BD300C60E15 /* Debug */ = {
			isa = XCBuildConfiguration;
			buildSettings = {
				ALWAYS_EMBED_SWIFT_STANDARD_LIBRARIES = YES;
				BUNDLE_LOADER = "$(TEST_HOST)";
				CODE_SIGN_STYLE = Automatic;
				DEVELOPMENT_TEAM = Z9S846X8QV;
				INFOPLIST_FILE = WeatherTests/Info.plist;
				LD_RUNPATH_SEARCH_PATHS = (
					"$(inherited)",
					"@executable_path/Frameworks",
					"@loader_path/Frameworks",
				);
				PRODUCT_BUNDLE_IDENTIFIER = com.apoorvareed.WeatherTests;
				PRODUCT_NAME = "$(TARGET_NAME)";
				SWIFT_VERSION = 5.0;
				TARGETED_DEVICE_FAMILY = "1,2";
				TEST_HOST = "$(BUILT_PRODUCTS_DIR)/Weather.app/Weather";
			};
			name = Debug;
		};
		D5FF162B23037BD300C60E15 /* Release */ = {
			isa = XCBuildConfiguration;
			buildSettings = {
				ALWAYS_EMBED_SWIFT_STANDARD_LIBRARIES = YES;
				BUNDLE_LOADER = "$(TEST_HOST)";
				CODE_SIGN_STYLE = Automatic;
				DEVELOPMENT_TEAM = Z9S846X8QV;
				INFOPLIST_FILE = WeatherTests/Info.plist;
				LD_RUNPATH_SEARCH_PATHS = (
					"$(inherited)",
					"@executable_path/Frameworks",
					"@loader_path/Frameworks",
				);
				PRODUCT_BUNDLE_IDENTIFIER = com.apoorvareed.WeatherTests;
				PRODUCT_NAME = "$(TARGET_NAME)";
				SWIFT_VERSION = 5.0;
				TARGETED_DEVICE_FAMILY = "1,2";
				TEST_HOST = "$(BUILT_PRODUCTS_DIR)/Weather.app/Weather";
			};
			name = Release;
		};
/* End XCBuildConfiguration section */

/* Begin XCConfigurationList section */
		D5FF160423037BD100C60E15 /* Build configuration list for PBXProject "Weather" */ = {
			isa = XCConfigurationList;
			buildConfigurations = (
				D5FF162423037BD300C60E15 /* Debug */,
				D5FF162523037BD300C60E15 /* Release */,
			);
			defaultConfigurationIsVisible = 0;
			defaultConfigurationName = Release;
		};
		D5FF162623037BD300C60E15 /* Build configuration list for PBXNativeTarget "Weather" */ = {
			isa = XCConfigurationList;
			buildConfigurations = (
				D5FF162723037BD300C60E15 /* Debug */,
				D5FF162823037BD300C60E15 /* Release */,
			);
			defaultConfigurationIsVisible = 0;
			defaultConfigurationName = Release;
		};
		D5FF162923037BD300C60E15 /* Build configuration list for PBXNativeTarget "WeatherTests" */ = {
			isa = XCConfigurationList;
			buildConfigurations = (
				D5FF162A23037BD300C60E15 /* Debug */,
				D5FF162B23037BD300C60E15 /* Release */,
			);
			defaultConfigurationIsVisible = 0;
			defaultConfigurationName = Release;
		};
/* End XCConfigurationList section */
	};
	rootObject = D5FF160123037BD100C60E15 /* Project object */;
}
